{
  "version": 4,
  "terraform_version": "1.13.3",
  "serial": 7,
  "lineage": "15bd049a-a081-8f19-fa60-6f171e9cf5e8",
  "outputs": {
    "android_client_id": {
      "value": "android-app",
      "type": "string"
    },
    "android_config": {
      "value": {
        "client_id": "android-app",
        "end_session_redirect_uri": "http://localhost:3000/logout",
        "issuer_uri": "http://keycloak.localhost/realms/app-realm",
        "redirect_uri": "http://localhost:3000/callback",
        "scope": "openid profile email"
      },
      "type": [
        "object",
        {
          "client_id": "string",
          "end_session_redirect_uri": "string",
          "issuer_uri": "string",
          "redirect_uri": "string",
          "scope": "string"
        }
      ]
    },
    "authorization_url": {
      "value": "http://keycloak.localhost/realms/app-realm/protocol/openid-connect/auth",
      "type": "string"
    },
    "end_session_url": {
      "value": "http://keycloak.localhost/realms/app-realm/protocol/openid-connect/logout",
      "type": "string"
    },
    "keycloak_account_console_url": {
      "value": "http://keycloak.localhost/realms/app-realm/account",
      "type": "string"
    },
    "keycloak_admin_console_url": {
      "value": "http://keycloak.localhost/admin",
      "type": "string"
    },
    "openid_connect_discovery_url": {
      "value": "http://keycloak.localhost/realms/app-realm/.well-known/openid-configuration",
      "type": "string"
    },
    "postman_confidential_client_id": {
      "value": "postman-confidential",
      "type": "string"
    },
    "postman_confidential_client_secret": {
      "value": "dOnuUy8gnBAx2vFGg7kUzFocl6JI82If",
      "type": "string",
      "sensitive": true
    },
    "postman_public_client_id": {
      "value": "postman-public",
      "type": "string"
    },
    "realm_id": {
      "value": "app-realm",
      "type": "string"
    },
    "realm_name": {
      "value": "app-realm",
      "type": "string"
    },
    "test_server_client_id": {
      "value": "test-server",
      "type": "string"
    },
    "test_server_config": {
      "value": {
        "authorization_url": "http://keycloak.localhost/realms/app-realm/protocol/openid-connect/auth",
        "client_id": "test-server",
        "code_challenge_method": "S256",
        "end_session_url": "http://keycloak.localhost/realms/app-realm/protocol/openid-connect/logout",
        "issuer_uri": "http://keycloak.localhost/realms/app-realm",
        "pkce_required": true,
        "post_logout_redirect_uri": "http://localhost:3000/logout",
        "redirect_uri": "http://localhost:3000/callback",
        "response_type": "code",
        "scope": "openid profile email",
        "token_url": "http://keycloak.localhost/realms/app-realm/protocol/openid-connect/token",
        "userinfo_url": "http://keycloak.localhost/realms/app-realm/protocol/openid-connect/userinfo"
      },
      "type": [
        "object",
        {
          "authorization_url": "string",
          "client_id": "string",
          "code_challenge_method": "string",
          "end_session_url": "string",
          "issuer_uri": "string",
          "pkce_required": "bool",
          "post_logout_redirect_uri": "string",
          "redirect_uri": "string",
          "response_type": "string",
          "scope": "string",
          "token_url": "string",
          "userinfo_url": "string"
        }
      ]
    },
    "token_url": {
      "value": "http://keycloak.localhost/realms/app-realm/protocol/openid-connect/token",
      "type": "string"
    },
    "user_email": {
      "value": "testuser@example.com",
      "type": "string"
    },
    "user_id": {
      "value": "7ddcdd23-0298-4cdf-b688-d61587708598",
      "type": "string"
    },
    "userinfo_url": {
      "value": "http://keycloak.localhost/realms/app-realm/protocol/openid-connect/userinfo",
      "type": "string"
    },
    "username": {
      "value": "testuser",
      "type": "string"
    }
  },
  "resources": [
    {
      "mode": "managed",
      "type": "keycloak_openid_client",
      "name": "android_oidc",
      "provider": "provider[\"registry.terraform.io/keycloak/keycloak\"]",
      "instances": [
        {
          "schema_version": 0,
          "attributes": {
            "access_token_lifespan": "300",
            "access_type": "PUBLIC",
            "admin_url": "",
            "allow_refresh_token_in_standard_token_exchange": "",
            "always_display_in_console": false,
            "authentication_flow_binding_overrides": [],
            "authorization": [],
            "backchannel_logout_revoke_offline_sessions": false,
            "backchannel_logout_session_required": true,
            "backchannel_logout_url": "",
            "base_url": "",
            "client_authenticator_type": "client-secret",
            "client_id": "android-app",
            "client_offline_session_idle_timeout": "",
            "client_offline_session_max_lifespan": "",
            "client_secret": "",
            "client_secret_regenerate_when_changed": null,
            "client_secret_wo": null,
            "client_secret_wo_version": null,
            "client_session_idle_timeout": "1800",
            "client_session_max_lifespan": "43200",
            "consent_required": false,
            "consent_screen_text": "",
            "description": "",
            "direct_access_grants_enabled": false,
            "display_on_consent_screen": false,
            "enabled": true,
            "exclude_issuer_from_auth_response": null,
            "exclude_session_state_from_auth_response": null,
            "extra_config": null,
            "frontchannel_logout_enabled": false,
            "frontchannel_logout_url": "",
            "full_scope_allowed": true,
            "id": "f89737a8-dd70-4c0c-8321-b903e03f90df",
            "implicit_flow_enabled": false,
            "import": false,
            "login_theme": "",
            "name": "Android OIDC Client",
            "oauth2_device_authorization_grant_enabled": false,
            "oauth2_device_code_lifespan": "",
            "oauth2_device_polling_interval": "",
            "pkce_code_challenge_method": null,
            "realm_id": "app-realm",
            "resource_server_id": null,
            "root_url": "",
            "service_account_user_id": "",
            "service_accounts_enabled": false,
            "standard_flow_enabled": true,
            "standard_token_exchange_enabled": false,
            "use_refresh_tokens": true,
            "use_refresh_tokens_client_credentials": false,
            "valid_post_logout_redirect_uris": [
              "http://127.0.0.1:3000/logout",
              "http://localhost:3000/logout"
            ],
            "valid_redirect_uris": [
              "http://127.0.0.1:3000/callback",
              "http://localhost:3000/callback"
            ],
            "web_origins": [
              "*"
            ]
          },
          "sensitive_attributes": [
            [
              {
                "type": "get_attr",
                "value": "client_secret"
              }
            ],
            [
              {
                "type": "get_attr",
                "value": "client_secret_wo"
              }
            ]
          ],
          "identity_schema_version": 0,
          "private": "bnVsbA==",
          "dependencies": [
            "keycloak_realm.app_realm"
          ]
        }
      ]
    },
    {
      "mode": "managed",
      "type": "keycloak_openid_client",
      "name": "postman_confidential",
      "provider": "provider[\"registry.terraform.io/keycloak/keycloak\"]",
      "instances": [
        {
          "schema_version": 0,
          "attributes": {
            "access_token_lifespan": "",
            "access_type": "CONFIDENTIAL",
            "admin_url": "",
            "allow_refresh_token_in_standard_token_exchange": "",
            "always_display_in_console": false,
            "authentication_flow_binding_overrides": [],
            "authorization": [],
            "backchannel_logout_revoke_offline_sessions": false,
            "backchannel_logout_session_required": true,
            "backchannel_logout_url": "",
            "base_url": "",
            "client_authenticator_type": "client-secret",
            "client_id": "postman-confidential",
            "client_offline_session_idle_timeout": "",
            "client_offline_session_max_lifespan": "",
            "client_secret": "dOnuUy8gnBAx2vFGg7kUzFocl6JI82If",
            "client_secret_regenerate_when_changed": null,
            "client_secret_wo": null,
            "client_secret_wo_version": null,
            "client_session_idle_timeout": "",
            "client_session_max_lifespan": "",
            "consent_required": false,
            "consent_screen_text": "",
            "description": "",
            "direct_access_grants_enabled": true,
            "display_on_consent_screen": false,
            "enabled": true,
            "exclude_issuer_from_auth_response": null,
            "exclude_session_state_from_auth_response": null,
            "extra_config": null,
            "frontchannel_logout_enabled": false,
            "frontchannel_logout_url": "",
            "full_scope_allowed": true,
            "id": "0cc5f759-cb1b-4e87-9ea5-045f9cdbfa1d",
            "implicit_flow_enabled": true,
            "import": false,
            "login_theme": "",
            "name": "Postman Confidential Client",
            "oauth2_device_authorization_grant_enabled": true,
            "oauth2_device_code_lifespan": "",
            "oauth2_device_polling_interval": "",
            "pkce_code_challenge_method": null,
            "realm_id": "app-realm",
            "resource_server_id": null,
            "root_url": "",
            "service_account_user_id": "9a84caca-b6bb-412e-b4ef-7a77a59f2803",
            "service_accounts_enabled": true,
            "standard_flow_enabled": true,
            "standard_token_exchange_enabled": true,
            "use_refresh_tokens": true,
            "use_refresh_tokens_client_credentials": false,
            "valid_post_logout_redirect_uris": [],
            "valid_redirect_uris": [
              "http://localhost:*",
              "https://localhost:*",
              "https://oauth.pstmn.io/v1/callback"
            ],
            "web_origins": [
              "http://localhost:*",
              "https://localhost:*",
              "https://oauth.pstmn.io"
            ]
          },
          "sensitive_attributes": [
            [
              {
                "type": "get_attr",
                "value": "client_secret"
              }
            ],
            [
              {
                "type": "get_attr",
                "value": "client_secret_wo"
              }
            ]
          ],
          "identity_schema_version": 0,
          "private": "bnVsbA==",
          "dependencies": [
            "keycloak_realm.app_realm"
          ]
        }
      ]
    },
    {
      "mode": "managed",
      "type": "keycloak_openid_client",
      "name": "postman_public",
      "provider": "provider[\"registry.terraform.io/keycloak/keycloak\"]",
      "instances": [
        {
          "schema_version": 0,
          "attributes": {
            "access_token_lifespan": "",
            "access_type": "PUBLIC",
            "admin_url": "",
            "allow_refresh_token_in_standard_token_exchange": "",
            "always_display_in_console": false,
            "authentication_flow_binding_overrides": [],
            "authorization": [],
            "backchannel_logout_revoke_offline_sessions": false,
            "backchannel_logout_session_required": true,
            "backchannel_logout_url": "",
            "base_url": "",
            "client_authenticator_type": "client-secret",
            "client_id": "postman-public",
            "client_offline_session_idle_timeout": "",
            "client_offline_session_max_lifespan": "",
            "client_secret": "",
            "client_secret_regenerate_when_changed": null,
            "client_secret_wo": null,
            "client_secret_wo_version": null,
            "client_session_idle_timeout": "",
            "client_session_max_lifespan": "",
            "consent_required": false,
            "consent_screen_text": "",
            "description": "",
            "direct_access_grants_enabled": true,
            "display_on_consent_screen": false,
            "enabled": true,
            "exclude_issuer_from_auth_response": null,
            "exclude_session_state_from_auth_response": null,
            "extra_config": null,
            "frontchannel_logout_enabled": false,
            "frontchannel_logout_url": "",
            "full_scope_allowed": true,
            "id": "871ab17c-b85b-4c21-8b1e-9874be8b22c4",
            "implicit_flow_enabled": true,
            "import": false,
            "login_theme": "",
            "name": "Postman Public Client",
            "oauth2_device_authorization_grant_enabled": true,
            "oauth2_device_code_lifespan": "",
            "oauth2_device_polling_interval": "",
            "pkce_code_challenge_method": "S256",
            "realm_id": "app-realm",
            "resource_server_id": null,
            "root_url": "",
            "service_account_user_id": "",
            "service_accounts_enabled": false,
            "standard_flow_enabled": true,
            "standard_token_exchange_enabled": false,
            "use_refresh_tokens": true,
            "use_refresh_tokens_client_credentials": false,
            "valid_post_logout_redirect_uris": [],
            "valid_redirect_uris": [
              "http://localhost:*",
              "https://localhost:*",
              "https://oauth.pstmn.io/v1/callback"
            ],
            "web_origins": [
              "http://localhost:*",
              "https://localhost:*",
              "https://oauth.pstmn.io"
            ]
          },
          "sensitive_attributes": [
            [
              {
                "type": "get_attr",
                "value": "client_secret"
              }
            ],
            [
              {
                "type": "get_attr",
                "value": "client_secret_wo"
              }
            ]
          ],
          "identity_schema_version": 0,
          "private": "bnVsbA==",
          "dependencies": [
            "keycloak_realm.app_realm"
          ]
        }
      ]
    },
    {
      "mode": "managed",
      "type": "keycloak_openid_client",
      "name": "test_server",
      "provider": "provider[\"registry.terraform.io/keycloak/keycloak\"]",
      "instances": [
        {
          "schema_version": 0,
          "attributes": {
            "access_token_lifespan": "900",
            "access_type": "PUBLIC",
            "admin_url": "",
            "allow_refresh_token_in_standard_token_exchange": "",
            "always_display_in_console": false,
            "authentication_flow_binding_overrides": [],
            "authorization": [],
            "backchannel_logout_revoke_offline_sessions": false,
            "backchannel_logout_session_required": true,
            "backchannel_logout_url": "",
            "base_url": "",
            "client_authenticator_type": "client-secret",
            "client_id": "test-server",
            "client_offline_session_idle_timeout": "",
            "client_offline_session_max_lifespan": "",
            "client_secret": "",
            "client_secret_regenerate_when_changed": null,
            "client_secret_wo": null,
            "client_secret_wo_version": null,
            "client_session_idle_timeout": "3600",
            "client_session_max_lifespan": "28800",
            "consent_required": false,
            "consent_screen_text": "",
            "description": "OIDC学習用のテストサーバークライアント。PKCEフローとトークン管理のデモに使用。",
            "direct_access_grants_enabled": false,
            "display_on_consent_screen": false,
            "enabled": true,
            "exclude_issuer_from_auth_response": null,
            "exclude_session_state_from_auth_response": null,
            "extra_config": null,
            "frontchannel_logout_enabled": false,
            "frontchannel_logout_url": "",
            "full_scope_allowed": true,
            "id": "7b5a6b36-595d-413a-b22f-986e08b9cb0f",
            "implicit_flow_enabled": false,
            "import": false,
            "login_theme": "",
            "name": "Test Server OIDC Client",
            "oauth2_device_authorization_grant_enabled": false,
            "oauth2_device_code_lifespan": "",
            "oauth2_device_polling_interval": "",
            "pkce_code_challenge_method": "S256",
            "realm_id": "app-realm",
            "resource_server_id": null,
            "root_url": "",
            "service_account_user_id": "",
            "service_accounts_enabled": false,
            "standard_flow_enabled": true,
            "standard_token_exchange_enabled": false,
            "use_refresh_tokens": true,
            "use_refresh_tokens_client_credentials": false,
            "valid_post_logout_redirect_uris": [
              "http://127.0.0.1:3000/logout",
              "http://localhost:*/logout",
              "http://localhost:3000/logout"
            ],
            "valid_redirect_uris": [
              "http://127.0.0.1:3000/callback",
              "http://localhost:*/callback",
              "http://localhost:3000/callback"
            ],
            "web_origins": [
              "http://127.0.0.1:3000",
              "http://localhost:*",
              "http://localhost:3000"
            ]
          },
          "sensitive_attributes": [
            [
              {
                "type": "get_attr",
                "value": "client_secret"
              }
            ],
            [
              {
                "type": "get_attr",
                "value": "client_secret_wo"
              }
            ]
          ],
          "identity_schema_version": 0,
          "private": "bnVsbA==",
          "dependencies": [
            "keycloak_realm.app_realm"
          ]
        }
      ]
    },
    {
      "mode": "managed",
      "type": "keycloak_realm",
      "name": "app_realm",
      "provider": "provider[\"registry.terraform.io/keycloak/keycloak\"]",
      "instances": [
        {
          "schema_version": 0,
          "attributes": {
            "access_code_lifespan": "1m0s",
            "access_code_lifespan_login": "30m0s",
            "access_code_lifespan_user_action": "5m0s",
            "access_token_lifespan": "5m0s",
            "access_token_lifespan_for_implicit_flow": "15m0s",
            "account_theme": "",
            "action_token_generated_by_admin_lifespan": "12h0m0s",
            "action_token_generated_by_user_lifespan": "5m0s",
            "admin_theme": "",
            "attributes": null,
            "browser_flow": "browser",
            "client_authentication_flow": "clients",
            "client_session_idle_timeout": "0s",
            "client_session_max_lifespan": "0s",
            "default_default_client_scopes": null,
            "default_optional_client_scopes": null,
            "default_signature_algorithm": "RS256",
            "direct_grant_flow": "direct grant",
            "display_name": "Application Realm",
            "display_name_html": "",
            "docker_authentication_flow": "docker auth",
            "duplicate_emails_allowed": false,
            "edit_username_allowed": false,
            "email_theme": "keycloak",
            "enabled": true,
            "first_broker_login_flow": "first broker login",
            "id": "app-realm",
            "internal_id": "app-realm",
            "internationalization": [],
            "login_theme": "",
            "login_with_email_allowed": true,
            "oauth2_device_code_lifespan": "10m0s",
            "oauth2_device_polling_interval": 5,
            "offline_session_idle_timeout": "720h0m0s",
            "offline_session_max_lifespan": "1440h0m0s",
            "offline_session_max_lifespan_enabled": false,
            "organizations_enabled": false,
            "otp_policy": [
              {
                "algorithm": "HmacSHA1",
                "digits": 6,
                "initial_counter": 0,
                "look_ahead_window": 1,
                "period": 30,
                "type": "totp"
              }
            ],
            "password_policy": "",
            "realm": "app-realm",
            "refresh_token_max_reuse": 0,
            "registration_allowed": true,
            "registration_email_as_username": false,
            "registration_flow": "registration",
            "remember_me": true,
            "reset_credentials_flow": "reset credentials",
            "reset_password_allowed": false,
            "revoke_refresh_token": false,
            "security_defenses": [
              {
                "brute_force_detection": [
                  {
                    "failure_reset_time_seconds": 43200,
                    "max_failure_wait_seconds": 900,
                    "max_login_failures": 5,
                    "minimum_quick_login_wait_seconds": 60,
                    "permanent_lockout": false,
                    "quick_login_check_milli_seconds": 1000,
                    "wait_increment_seconds": 60
                  }
                ],
                "headers": []
              }
            ],
            "smtp_server": [
              {
                "auth": [],
                "envelope_from": "",
                "from": "noreply@app-realm.localhost",
                "from_display_name": "Application Realm",
                "host": "mailpit",
                "port": "1025",
                "reply_to": "noreply@app-realm.localhost",
                "reply_to_display_name": "Application Realm",
                "ssl": false,
                "starttls": false
              }
            ],
            "ssl_required": "external",
            "sso_session_idle_timeout": "30m0s",
            "sso_session_idle_timeout_remember_me": "0s",
            "sso_session_max_lifespan": "10h0m0s",
            "sso_session_max_lifespan_remember_me": "0s",
            "user_managed_access": false,
            "verify_email": true,
            "web_authn_passwordless_policy": [
              {
                "acceptable_aaguids": [],
                "attestation_conveyance_preference": "not specified",
                "authenticator_attachment": "not specified",
                "avoid_same_authenticator_register": false,
                "create_timeout": 0,
                "extra_origins": [],
                "relying_party_entity_name": "keycloak",
                "relying_party_id": "",
                "require_resident_key": "not specified",
                "signature_algorithms": [
                  "ES256",
                  "RS256"
                ],
                "user_verification_requirement": "not specified"
              }
            ],
            "web_authn_policy": [
              {
                "acceptable_aaguids": [],
                "attestation_conveyance_preference": "not specified",
                "authenticator_attachment": "not specified",
                "avoid_same_authenticator_register": false,
                "create_timeout": 0,
                "extra_origins": [],
                "relying_party_entity_name": "keycloak",
                "relying_party_id": "",
                "require_resident_key": "not specified",
                "signature_algorithms": [
                  "ES256",
                  "RS256"
                ],
                "user_verification_requirement": "not specified"
              }
            ]
          },
          "sensitive_attributes": [],
          "identity_schema_version": 0,
          "private": "bnVsbA=="
        }
      ]
    },
    {
      "mode": "managed",
      "type": "keycloak_user",
      "name": "testuser",
      "provider": "provider[\"registry.terraform.io/keycloak/keycloak\"]",
      "instances": [
        {
          "schema_version": 0,
          "attributes": {
            "attributes": null,
            "email": "testuser@example.com",
            "email_verified": true,
            "enabled": true,
            "federated_identity": [],
            "first_name": "Test",
            "id": "7ddcdd23-0298-4cdf-b688-d61587708598",
            "import": false,
            "initial_password": [
              {
                "temporary": false,
                "value": "password123"
              }
            ],
            "last_name": "User",
            "realm_id": "app-realm",
            "required_actions": [
              "VERIFY_EMAIL"
            ],
            "username": "testuser"
          },
          "sensitive_attributes": [
            [
              {
                "type": "get_attr",
                "value": "initial_password"
              },
              {
                "type": "index",
                "value": {
                  "value": 0,
                  "type": "number"
                }
              },
              {
                "type": "get_attr",
                "value": "value"
              }
            ]
          ],
          "identity_schema_version": 0,
          "private": "bnVsbA==",
          "dependencies": [
            "keycloak_realm.app_realm"
          ]
        }
      ]
    }
  ],
  "check_results": null
}
